
Microsoft Visual Studio Solution File, Format Version 12.00
# Visual Studio 15
Project("{2150E333-8FDC-42A3-9474-1A3956D46DE8}") = "Application", "Application", "{73A7EC2F-D4EB-47FD-869B-70CBC65B580C}"
EndProject
Project("{2150E333-8FDC-42A3-9474-1A3956D46DE8}") = "Domain", "Domain", "{DC5855C0-6805-49F1-B47F-9BFD98F8A50E}"
EndProject
Project("{2150E333-8FDC-42A3-9474-1A3956D46DE8}") = "Infrastructure.Data", "Infrastructure.Data", "{49AE43FB-97D7-43A5-9F7E-33651C629FF9}"
EndProject
Project("{2150E333-8FDC-42A3-9474-1A3956D46DE8}") = "Infrastructure.IoC", "Infrastructure.IoC", "{B04D0549-A063-4D07-9CA6-10EE8E9E1145}"
EndProject
Project("{2150E333-8FDC-42A3-9474-1A3956D46DE8}") = "Web.MVC", "Web.MVC", "{890A6DD8-0F47-4643-B7F1-97A3EE814AA8}"
EndProject
Project("{FAE04EC0-301F-11D3-BF4B-00C04F79EFBC}") = "Web.MVC", "Web.MVC\Web.MVC.csproj", "{6E808462-AF26-46FC-9D7C-F0F9988976A2}"
EndProject
Project("{FAE04EC0-301F-11D3-BF4B-00C04F79EFBC}") = "Domain", "Domain\Domain.csproj", "{5659B249-3000-466D-B947-B756A39BBE1C}"
EndProject
Project("{FAE04EC0-301F-11D3-BF4B-00C04F79EFBC}") = "Infrastructure.Data", "Infrastructure.Data\Infrastructure.Data.csproj", "{CFCE9A6A-3BCB-409E-8C2F-8C8973E416DB}"
EndProject
Project("{FAE04EC0-301F-11D3-BF4B-00C04F79EFBC}") = "Application", "Application\Application.csproj", "{B661C0E6-40C2-40D8-B888-74AFC8C77E3D}"
EndProject
Project("{FAE04EC0-301F-11D3-BF4B-00C04F79EFBC}") = "Infrastructure.IoC", "Infrastructure.IoC\Infrastructure.IoC.csproj", "{D15E5E3A-F45F-423E-9C5A-2482042169FC}"
EndProject
Project("{2150E333-8FDC-42A3-9474-1A3956D46DE8}") = "Solution Items", "Solution Items", "{F49BFC23-ED06-48A9-A12C-42D042C573CE}"
	ProjectSection(SolutionItems) = preProject
		README.md = README.md
		.gitignore = .gitignore
	EndProjectSection
EndProject
Global
	GlobalSection(SolutionConfigurationPlatforms) = preSolution
		Debug|Any CPU = Debug|Any CPU
		Release|Any CPU = Release|Any CPU
	EndGlobalSection
	GlobalSection(ProjectConfigurationPlatforms) = postSolution
		{6E808462-AF26-46FC-9D7C-F0F9988976A2}.Debug|Any CPU.ActiveCfg = Debug|Any CPU
		{6E808462-AF26-46FC-9D7C-F0F9988976A2}.Debug|Any CPU.Build.0 = Debug|Any CPU
		{6E808462-AF26-46FC-9D7C-F0F9988976A2}.Release|Any CPU.ActiveCfg = Release|Any CPU
		{6E808462-AF26-46FC-9D7C-F0F9988976A2}.Release|Any CPU.Build.0 = Release|Any CPU
		{5659B249-3000-466D-B947-B756A39BBE1C}.Debug|Any CPU.ActiveCfg = Debug|Any CPU
		{5659B249-3000-466D-B947-B756A39BBE1C}.Debug|Any CPU.Build.0 = Debug|Any CPU
		{5659B249-3000-466D-B947-B756A39BBE1C}.Release|Any CPU.ActiveCfg = Release|Any CPU
		{5659B249-3000-466D-B947-B756A39BBE1C}.Release|Any CPU.Build.0 = Release|Any CPU
		{CFCE9A6A-3BCB-409E-8C2F-8C8973E416DB}.Debug|Any CPU.ActiveCfg = Debug|Any CPU
		{CFCE9A6A-3BCB-409E-8C2F-8C8973E416DB}.Debug|Any CPU.Build.0 = Debug|Any CPU
		{CFCE9A6A-3BCB-409E-8C2F-8C8973E416DB}.Release|Any CPU.ActiveCfg = Release|Any CPU
		{CFCE9A6A-3BCB-409E-8C2F-8C8973E416DB}.Release|Any CPU.Build.0 = Release|Any CPU
		{B661C0E6-40C2-40D8-B888-74AFC8C77E3D}.Debug|Any CPU.ActiveCfg = Debug|Any CPU
		{B661C0E6-40C2-40D8-B888-74AFC8C77E3D}.Debug|Any CPU.Build.0 = Debug|Any CPU
		{B661C0E6-40C2-40D8-B888-74AFC8C77E3D}.Release|Any CPU.ActiveCfg = Release|Any CPU
		{B661C0E6-40C2-40D8-B888-74AFC8C77E3D}.Release|Any CPU.Build.0 = Release|Any CPU
		{D15E5E3A-F45F-423E-9C5A-2482042169FC}.Debug|Any CPU.ActiveCfg = Debug|Any CPU
		{D15E5E3A-F45F-423E-9C5A-2482042169FC}.Debug|Any CPU.Build.0 = Debug|Any CPU
		{D15E5E3A-F45F-423E-9C5A-2482042169FC}.Release|Any CPU.ActiveCfg = Release|Any CPU
		{D15E5E3A-F45F-423E-9C5A-2482042169FC}.Release|Any CPU.Build.0 = Release|Any CPU
	EndGlobalSection
	GlobalSection(NestedProjects) = preSolution
		{6E808462-AF26-46FC-9D7C-F0F9988976A2} = {890A6DD8-0F47-4643-B7F1-97A3EE814AA8}
		{5659B249-3000-466D-B947-B756A39BBE1C} = {DC5855C0-6805-49F1-B47F-9BFD98F8A50E}
		{CFCE9A6A-3BCB-409E-8C2F-8C8973E416DB} = {49AE43FB-97D7-43A5-9F7E-33651C629FF9}
		{B661C0E6-40C2-40D8-B888-74AFC8C77E3D} = {73A7EC2F-D4EB-47FD-869B-70CBC65B580C}
		{D15E5E3A-F45F-423E-9C5A-2482042169FC} = {B04D0549-A063-4D07-9CA6-10EE8E9E1145}
	EndGlobalSection
EndGlobal
